{
    "_readme": [
        "This file locks the dependencies of your project to a known state",
        "Read more about it at https://getcomposer.org/doc/01-basic-usage.md#composer-lock-the-lock-file",
        "This file is @generated automatically"
    ],
    "content-hash": "4432209f8a063091388f5d2aa8df1983",
    "packages": [
        {
            "name": "rask/wp-test-framework",
            "version": "0.1.1",
            "source": {
                "type": "git",
                "url": "https://github.com/rask/wp-test-framework.git",
                "reference": "dadb60c33d6644a1323a1217fc61008845349d83"
            },
            "dist": {
                "type": "zip",
                "url": "https://api.github.com/repos/rask/wp-test-framework/zipball/dadb60c33d6644a1323a1217fc61008845349d83",
                "reference": "dadb60c33d6644a1323a1217fc61008845349d83",
                "shasum": ""
            },
            "require": {
                "php": ">=7.1"
            },
            "type": "library",
            "autoload": {
                "psr-4": {
                    "rask\\WpTestFramework\\": "src/"
                }
            },
            "notification-url": "https://packagist.org/downloads/",
            "license": [
                "GPL-3.0-or-later"
            ],
            "description": "Extracted library from WordPress PHPUnit framework to aid in integration testing of plugins and themes",
            "keywords": [
                "phpunit",
                "testing",
                "tests",
                "wordpress"
            ],
            "time": "2018-02-16T00:08:16+00:00"
        }
    ],
    "packages-dev": [],
    "aliases": [],
    "minimum-stability": "stable",
    "stability-flags": [],
    "prefer-stable": false,
    "prefer-lowest": false,
    "platform": [],
    "platform-dev": []
}
